
Microsoft Visual Studio Solution File, Format Version 12.00
# Visual Studio Version 17
VisualStudioVersion = 17.9.34723.18
MinimumVisualStudioVersion = 10.0.40219.1
Project("{FAE04EC0-301F-11D3-BF4B-00C04F79EFBC}") = "DeliveryWinFormsApp", "DeliveryWinFormsApp\DeliveryWinFormsApp.csproj", "{40FD8B6F-F11E-4B97-BD14-A1270CFD9532}"
EndProject
Project("{FAE04EC0-301F-11D3-BF4B-00C04F79EFBC}") = "DeliveryApp.Db", "DeliveryApp.Db\DeliveryApp.Db.csproj", "{E98B8BD4-38B9-40D3-AE57-C39E77EE2D09}"
EndProject
Global
	GlobalSection(SolutionConfigurationPlatforms) = preSolution
		Debug|Any CPU = Debug|Any CPU
		Release|Any CPU = Release|Any CPU
	EndGlobalSection
	GlobalSection(ProjectConfigurationPlatforms) = postSolution
		{40FD8B6F-F11E-4B97-BD14-A1270CFD9532}.Debug|Any CPU.ActiveCfg = Debug|Any CPU
		{40FD8B6F-F11E-4B97-BD14-A1270CFD9532}.Debug|Any CPU.Build.0 = Debug|Any CPU
		{40FD8B6F-F11E-4B97-BD14-A1270CFD9532}.Release|Any CPU.ActiveCfg = Release|Any CPU
		{40FD8B6F-F11E-4B97-BD14-A1270CFD9532}.Release|Any CPU.Build.0 = Release|Any CPU
		{E98B8BD4-38B9-40D3-AE57-C39E77EE2D09}.Debug|Any CPU.ActiveCfg = Debug|Any CPU
		{E98B8BD4-38B9-40D3-AE57-C39E77EE2D09}.Debug|Any CPU.Build.0 = Debug|Any CPU
		{E98B8BD4-38B9-40D3-AE57-C39E77EE2D09}.Release|Any CPU.ActiveCfg = Release|Any CPU
		{E98B8BD4-38B9-40D3-AE57-C39E77EE2D09}.Release|Any CPU.Build.0 = Release|Any CPU
	EndGlobalSection
	GlobalSection(SolutionProperties) = preSolution
		HideSolutionNode = FALSE
	EndGlobalSection
	GlobalSection(ExtensibilityGlobals) = postSolution
		SolutionGuid = {B0503ADE-FD78-4052-B614-F669F38BB9B6}
	EndGlobalSection
EndGlobal
